
Microsoft Visual Studio Solution File, Format Version 12.00
# Visual Studio 2013
VisualStudioVersion = 12.0.40629.0
MinimumVisualStudioVersion = 10.0.40219.1
Project("{2150E333-8FDC-42A3-9474-1A3956D46DE8}") = "Tests", "Tests", "{73116C90-48C1-45F9-AEF5-47915975F3E5}"
EndProject
Project("{FAE04EC0-301F-11D3-BF4B-00C04F79EFBC}") = "Jade4Net", "Source\Jade4Net\Jade4Net.csproj", "{47307BA2-D121-462F-8972-7CC729CD961E}"
EndProject
Project("{FAE04EC0-301F-11D3-BF4B-00C04F79EFBC}") = "Jade4Net.Tests", "Tests\Jade4Net.Tests\Jade4Net.Tests.csproj", "{A8304A19-CF6C-4BCD-9DA8-F978229B50B5}"
EndProject
Project("{2150E333-8FDC-42A3-9474-1A3956D46DE8}") = ".nuget", ".nuget", "{B7275D0F-0828-46CC-8FED-15E16212C71D}"
	ProjectSection(SolutionItems) = preProject
		.nuget\Jade4Net.nuspec = .nuget\Jade4Net.nuspec
	EndProjectSection
EndProject
Global
	GlobalSection(SolutionConfigurationPlatforms) = preSolution
		Debug|Any CPU = Debug|Any CPU
		Release|Any CPU = Release|Any CPU
	EndGlobalSection
	GlobalSection(ProjectConfigurationPlatforms) = postSolution
		{47307BA2-D121-462F-8972-7CC729CD961E}.Debug|Any CPU.ActiveCfg = Debug|Any CPU
		{47307BA2-D121-462F-8972-7CC729CD961E}.Debug|Any CPU.Build.0 = Debug|Any CPU
		{47307BA2-D121-462F-8972-7CC729CD961E}.Release|Any CPU.ActiveCfg = Release|Any CPU
		{47307BA2-D121-462F-8972-7CC729CD961E}.Release|Any CPU.Build.0 = Release|Any CPU
		{A8304A19-CF6C-4BCD-9DA8-F978229B50B5}.Debug|Any CPU.ActiveCfg = Debug|Any CPU
		{A8304A19-CF6C-4BCD-9DA8-F978229B50B5}.Debug|Any CPU.Build.0 = Debug|Any CPU
		{A8304A19-CF6C-4BCD-9DA8-F978229B50B5}.Release|Any CPU.ActiveCfg = Release|Any CPU
		{A8304A19-CF6C-4BCD-9DA8-F978229B50B5}.Release|Any CPU.Build.0 = Release|Any CPU
	EndGlobalSection
	GlobalSection(SolutionProperties) = preSolution
		HideSolutionNode = FALSE
	EndGlobalSection
	GlobalSection(NestedProjects) = preSolution
		{A8304A19-CF6C-4BCD-9DA8-F978229B50B5} = {73116C90-48C1-45F9-AEF5-47915975F3E5}
	EndGlobalSection
EndGlobal
